
Microsoft Visual Studio Solution File, Format Version 12.00
# Visual Studio Version 17
VisualStudioVersion = 17.2.32630.192
MinimumVisualStudioVersion = 10.0.40219.1
Project("{FAE04EC0-301F-11D3-BF4B-00C04F79EFBC}") = "101SoftwareTest", "101SoftwareTest\101SoftwareTest.csproj", "{3ADF2A2C-A8DC-4D92-8974-FAA147C143A9}"
EndProject
Global
	GlobalSection(SolutionConfigurationPlatforms) = preSolution
		Debug|Any CPU = Debug|Any CPU
		Release|Any CPU = Release|Any CPU
	EndGlobalSection
	GlobalSection(ProjectConfigurationPlatforms) = postSolution
		{3ADF2A2C-A8DC-4D92-8974-FAA147C143A9}.Debug|Any CPU.ActiveCfg = Debug|Any CPU
		{3ADF2A2C-A8DC-4D92-8974-FAA147C143A9}.Debug|Any CPU.Build.0 = Debug|Any CPU
		{3ADF2A2C-A8DC-4D92-8974-FAA147C143A9}.Release|Any CPU.ActiveCfg = Release|Any CPU
		{3ADF2A2C-A8DC-4D92-8974-FAA147C143A9}.Release|Any CPU.Build.0 = Release|Any CPU
	EndGlobalSection
	GlobalSection(SolutionProperties) = preSolution
		HideSolutionNode = FALSE
	EndGlobalSection
	GlobalSection(ExtensibilityGlobals) = postSolution
		SolutionGuid = {654DB64C-2CA7-4846-BD70-50636005E7D5}
	EndGlobalSection
EndGlobal
